
Microsoft Visual Studio Solution File, Format Version 12.00
# Visual Studio Version 17
VisualStudioVersion = 17.13.35931.197 d17.13
MinimumVisualStudioVersion = 10.0.40219.1
Project("{FAE04EC0-301F-11D3-BF4B-00C04F79EFBC}") = "OrderSimulator", "OrderSimulator\OrderSimulator.csproj", "{3DCAEE3A-FEA4-42D4-9A5A-8EAFD9976698}"
EndProject
Global
	GlobalSection(SolutionConfigurationPlatforms) = preSolution
		Debug|Any CPU = Debug|Any CPU
		Release|Any CPU = Release|Any CPU
	EndGlobalSection
	GlobalSection(ProjectConfigurationPlatforms) = postSolution
		{3DCAEE3A-FEA4-42D4-9A5A-8EAFD9976698}.Debug|Any CPU.ActiveCfg = Debug|Any CPU
		{3DCAEE3A-FEA4-42D4-9A5A-8EAFD9976698}.Debug|Any CPU.Build.0 = Debug|Any CPU
		{3DCAEE3A-FEA4-42D4-9A5A-8EAFD9976698}.Release|Any CPU.ActiveCfg = Release|Any CPU
		{3DCAEE3A-FEA4-42D4-9A5A-8EAFD9976698}.Release|Any CPU.Build.0 = Release|Any CPU
	EndGlobalSection
	GlobalSection(SolutionProperties) = preSolution
		HideSolutionNode = FALSE
	EndGlobalSection
	GlobalSection(ExtensibilityGlobals) = postSolution
		SolutionGuid = {41E90EA7-96E9-4F09-9D6C-1D31E90726D2}
	EndGlobalSection
EndGlobal
